{
  "originHash" : "a40fdac520af46d2cfd35ef0c6fb9256e1a1c5052f0e69cff2eda7296d985aab",
  "pins" : [
    {
      "identity" : "swiftcbor",
      "kind" : "remoteSourceControl",
      "location" : "https://github.com/valpackett/SwiftCBOR",
      "state" : {
        "revision" : "fd929a6d8f7651ce0f63fc99397fd5762358cc29",
        "version" : "0.6.0"
      }
    },
    {
      "identity" : "yubikit-swift",
      "kind" : "remoteSourceControl",
      "location" : "https://github.com/Yubico/yubikit-swift",
      "state" : {
        "revision" : "f5a01653ec07530ffd300a02fc9818aa1298f13e",
        "version" : "1.3.0"
      }
    }
  ],
  "version" : 3
}
